// !$*UTF8*$!
{
	archiveVersion = 1;
	classes = {
	};
	objectVersion = 56;
	objects = {

/* Begin PBXBuildFile section */
		FDA7CBD32ABCF88300033EC8 /* AppDelegate.swift in Sources */ = {isa = PBXBuildFile; fileRef = FDA7CBD22ABCF88300033EC8 /* AppDelegate.swift */; };
		FDA7CBD52ABCF88300033EC8 /* SceneDelegate.swift in Sources */ = {isa = PBXBuildFile; fileRef = FDA7CBD42ABCF88300033EC8 /* SceneDelegate.swift */; };
		FDA7CBD72ABCF88300033EC8 /* ViewController.swift in Sources */ = {isa = PBXBuildFile; fileRef = FDA7CBD62ABCF88300033EC8 /* ViewController.swift */; };
		FDA7CBDA2ABCF88300033EC8 /* Main.storyboard in Resources */ = {isa = PBXBuildFile; fileRef = FDA7CBD82ABCF88300033EC8 /* Main.storyboard */; };
		FDA7CBDC2ABCF88600033EC8 /* Assets.xcassets in Resources */ = {isa = PBXBuildFile; fileRef = FDA7CBDB2ABCF88600033EC8 /* Assets.xcassets */; };
		FDA7CBDF2ABCF88600033EC8 /* LaunchScreen.storyboard in Resources */ = {isa = PBXBuildFile; fileRef = FDA7CBDD2ABCF88600033EC8 /* LaunchScreen.storyboard */; };
		FDA7CBEA2ABCF88600033EC8 /* CounterTests.swift in Sources */ = {isa = PBXBuildFile; fileRef = FDA7CBE92ABCF88600033EC8 /* CounterTests.swift */; };
		FDA7CBF42ABCF88600033EC8 /* CounterUITests.swift in Sources */ = {isa = PBXBuildFile; fileRef = FDA7CBF32ABCF88600033EC8 /* CounterUITests.swift */; };
		FDA7CBF62ABCF88600033EC8 /* CounterUITestsLaunchTests.swift in Sources */ = {isa = PBXBuildFile; fileRef = FDA7CBF52ABCF88600033EC8 /* CounterUITestsLaunchTests.swift */; };
/* End PBXBuildFile section */

/* Begin PBXContainerItemProxy section */
		FDA7CBE62ABCF88600033EC8 /* PBXContainerItemProxy */ = {
			isa = PBXContainerItemProxy;
			containerPortal = FDA7CBC72ABCF88300033EC8 /* Project object */;
			proxyType = 1;
			remoteGlobalIDString = FDA7CBCE2ABCF88300033EC8;
			remoteInfo = Counter;
		};
		FDA7CBF02ABCF88600033EC8 /* PBXContainerItemProxy */ = {
			isa = PBXContainerItemProxy;
			containerPortal = FDA7CBC72ABCF88300033EC8 /* Project object */;
			proxyType = 1;
			remoteGlobalIDString = FDA7CBCE2ABCF88300033EC8;
			remoteInfo = Counter;
		};
/* End PBXContainerItemProxy section */

/* Begin PBXFileReference section */
		FDA7CBCF2ABCF88300033EC8 /* Counter.app */ = {isa = PBXFileReference; explicitFileType = wrapper.application; includeInIndex = 0; path = Counter.app; sourceTree = BUILT_PRODUCTS_DIR; };
		FDA7CBD22ABCF88300033EC8 /* AppDelegate.swift */ = {isa = PBXFileReference; lastKnownFileType = sourcecode.swift; path = AppDelegate.swift; sourceTree = "<group>"; };
		FDA7CBD42ABCF88300033EC8 /* SceneDelegate.swift */ = {isa = PBXFileReference; lastKnownFileType = sourcecode.swift; path = SceneDelegate.swift; sourceTree = "<group>"; };
		FDA7CBD62ABCF88300033EC8 /* ViewController.swift */ = {isa = PBXFileReference; lastKnownFileType = sourcecode.swift; path = ViewController.swift; sourceTree = "<group>"; };
		FDA7CBD92ABCF88300033EC8 /* Base */ = {isa = PBXFileReference; lastKnownFileType = file.storyboard; name = Base; path = Base.lproj/Main.storyboard; sourceTree = "<group>"; };
		FDA7CBDB2ABCF88600033EC8 /* Assets.xcassets */ = {isa = PBXFileReference; lastKnownFileType = folder.assetcatalog; path = Assets.xcassets; sourceTree = "<group>"; };
		FDA7CBDE2ABCF88600033EC8 /* Base */ = {isa = PBXFileReference; lastKnownFileType = file.storyboard; name = Base; path = Base.lproj/LaunchScreen.storyboard; sourceTree = "<group>"; };
		FDA7CBE02ABCF88600033EC8 /* Info.plist */ = {isa = PBXFileReference; lastKnownFileType = text.plist.xml; path = Info.plist; sourceTree = "<group>"; };
		FDA7CBE52ABCF88600033EC8 /* CounterTests.xctest */ = {isa = PBXFileReference; explicitFileType = wrapper.cfbundle; includeInIndex = 0; path = CounterTests.xctest; sourceTree = BUILT_PRODUCTS_DIR; };
		FDA7CBE92ABCF88600033EC8 /* CounterTests.swift */ = {isa = PBXFileReference; lastKnownFileType = sourcecode.swift; path = CounterTests.swift; sourceTree = "<group>"; };
		FDA7CBEF2ABCF88600033EC8 /* CounterUITests.xctest */ = {isa = PBXFileReference; explicitFileType = wrapper.cfbundle; includeInIndex = 0; path = CounterUITests.xctest; sourceTree = BUILT_PRODUCTS_DIR; };
		FDA7CBF32ABCF88600033EC8 /* CounterUITests.swift */ = {isa = PBXFileReference; lastKnownFileType = sourcecode.swift; path = CounterUITests.swift; sourceTree = "<group>"; };
		FDA7CBF52ABCF88600033EC8 /* CounterUITestsLaunchTests.swift */ = {isa = PBXFileReference; lastKnownFileType = sourcecode.swift; path = CounterUITestsLaunchTests.swift; sourceTree = "<group>"; };
/* End PBXFileReference section */

/* Begin PBXFrameworksBuildPhase section */
		FDA7CBCC2ABCF88300033EC8 /* Frameworks */ = {
			isa = PBXFrameworksBuildPhase;
			buildActionMask = 2147483647;
			files = (
			);
			runOnlyForDeploymentPostprocessing = 0;
		};
		FDA7CBE22ABCF88600033EC8 /* Frameworks */ = {
			isa = PBXFrameworksBuildPhase;
			buildActionMask = 2147483647;
			files = (
			);
			runOnlyForDeploymentPostprocessing = 0;
		};
		FDA7CBEC2ABCF88600033EC8 /* Frameworks */ = {
			isa = PBXFrameworksBuildPhase;
			buildActionMask = 2147483647;
			files = (
			);
			runOnlyForDeploymentPostprocessing = 0;
		};
/* End PBXFrameworksBuildPhase section */

/* Begin PBXGroup section */
		FDA7CBC62ABCF88300033EC8 = {
			isa = PBXGroup;
			children = (
				FDA7CBD12ABCF88300033EC8 /* Counter */,
				FDA7CBE82ABCF88600033EC8 /* CounterTests */,
				FDA7CBF22ABCF88600033EC8 /* CounterUITests */,
				FDA7CBD02ABCF88300033EC8 /* Products */,
			);
			sourceTree = "<group>";
		};
		FDA7CBD02ABCF88300033EC8 /* Products */ = {
			isa = PBXGroup;
			children = (
				FDA7CBCF2ABCF88300033EC8 /* Counter.app */,
				FDA7CBE52ABCF88600033EC8 /* CounterTests.xctest */,
				FDA7CBEF2ABCF88600033EC8 /* CounterUITests.xctest */,
			);
			name = Products;
			sourceTree = "<group>";
		};
		FDA7CBD12ABCF88300033EC8 /* Counter */ = {
			isa = PBXGroup;
			children = (
				FDA7CBD22ABCF88300033EC8 /* AppDelegate.swift */,
				FDA7CBD42ABCF88300033EC8 /* SceneDelegate.swift */,
				FDA7CBD62ABCF88300033EC8 /* ViewController.swift */,
				FDA7CBD82ABCF88300033EC8 /* Main.storyboard */,
				FDA7CBDB2ABCF88600033EC8 /* Assets.xcassets */,
				FDA7CBDD2ABCF88600033EC8 /* LaunchScreen.storyboard */,
				FDA7CBE02ABCF88600033EC8 /* Info.plist */,
			);
			path = Counter;
			sourceTree = "<group>";
		};
		FDA7CBE82ABCF88600033EC8 /* CounterTests */ = {
			isa = PBXGroup;
			children = (
				FDA7CBE92ABCF88600033EC8 /* CounterTests.swift */,
			);
			path = CounterTests;
			sourceTree = "<group>";
		};
		FDA7CBF22ABCF88600033EC8 /* CounterUITests */ = {
			isa = PBXGroup;
			children = (
				FDA7CBF32ABCF88600033EC8 /* CounterUITests.swift */,
				FDA7CBF52ABCF88600033EC8 /* CounterUITestsLaunchTests.swift */,
			);
			path = CounterUITests;
			sourceTree = "<group>";
		};
/* End PBXGroup section */

/* Begin PBXNativeTarget section */
		FDA7CBCE2ABCF88300033EC8 /* Counter */ = {
			isa = PBXNativeTarget;
			buildConfigurationList = FDA7CBF92ABCF88600033EC8 /* Build configuration list for PBXNativeTarget "Counter" */;
			buildPhases = (
				FDA7CBCB2ABCF88300033EC8 /* Sources */,
				FDA7CBCC2ABCF88300033EC8 /* Frameworks */,
				FDA7CBCD2ABCF88300033EC8 /* Resources */,
			);
			buildRules = (
			);
			dependencies = (
			);
			name = Counter;
			productName = Counter;
			productReference = FDA7CBCF2ABCF88300033EC8 /* Counter.app */;
			productType = "com.apple.product-type.application";
		};
		FDA7CBE42ABCF88600033EC8 /* CounterTests */ = {
			isa = PBXNativeTarget;
			buildConfigurationList = FDA7CBFC2ABCF88600033EC8 /* Build configuration list for PBXNativeTarget "CounterTests" */;
			buildPhases = (
				FDA7CBE12ABCF88600033EC8 /* Sources */,
				FDA7CBE22ABCF88600033EC8 /* Frameworks */,
				FDA7CBE32ABCF88600033EC8 /* Resources */,
			);
			buildRules = (
			);
			dependencies = (
				FDA7CBE72ABCF88600033EC8 /* PBXTargetDependency */,
			);
			name = CounterTests;
			productName = CounterTests;
			productReference = FDA7CBE52ABCF88600033EC8 /* CounterTests.xctest */;
			productType = "com.apple.product-type.bundle.unit-test";
		};
		FDA7CBEE2ABCF88600033EC8 /* CounterUITests */ = {
			isa = PBXNativeTarget;
			buildConfigurationList = FDA7CBFF2ABCF88600033EC8 /* Build configuration list for PBXNativeTarget "CounterUITests" */;
			buildPhases = (
				FDA7CBEB2ABCF88600033EC8 /* Sources */,
				FDA7CBEC2ABCF88600033EC8 /* Frameworks */,
				FDA7CBED2ABCF88600033EC8 /* Resources */,
			);
			buildRules = (
			);
			dependencies = (
				FDA7CBF12ABCF88600033EC8 /* PBXTargetDependency */,
			);
			name = CounterUITests;
			productName = CounterUITests;
			productReference = FDA7CBEF2ABCF88600033EC8 /* CounterUITests.xctest */;
			productType = "com.apple.product-type.bundle.ui-testing";
		};
/* End PBXNativeTarget section */

/* Begin PBXProject section */
		FDA7CBC72ABCF88300033EC8 /* Project object */ = {
			isa = PBXProject;
			attributes = {
				BuildIndependentTargetsInParallel = 1;
				LastSwiftUpdateCheck = 1420;
				LastUpgradeCheck = 1420;
				TargetAttributes = {
					FDA7CBCE2ABCF88300033EC8 = {
						CreatedOnToolsVersion = 14.2;
					};
					FDA7CBE42ABCF88600033EC8 = {
						CreatedOnToolsVersion = 14.2;
						TestTargetID = FDA7CBCE2ABCF88300033EC8;
					};
					FDA7CBEE2ABCF88600033EC8 = {
						CreatedOnToolsVersion = 14.2;
						TestTargetID = FDA7CBCE2ABCF88300033EC8;
					};
				};
			};
			buildConfigurationList = FDA7CBCA2ABCF88300033EC8 /* Build configuration list for PBXProject "Counter" */;
			compatibilityVersion = "Xcode 14.0";
			developmentRegion = en;
			hasScannedForEncodings = 0;
			knownRegions = (
				en,
				Base,
			);
			mainGroup = FDA7CBC62ABCF88300033EC8;
			productRefGroup = FDA7CBD02ABCF88300033EC8 /* Products */;
			projectDirPath = "";
			projectRoot = "";
			targets = (
				FDA7CBCE2ABCF88300033EC8 /* Counter */,
				FDA7CBE42ABCF88600033EC8 /* CounterTests */,
				FDA7CBEE2ABCF88600033EC8 /* CounterUITests */,
			);
		};
/* End PBXProject section */

/* Begin PBXResourcesBuildPhase section */
		FDA7CBCD2ABCF88300033EC8 /* Resources */ = {
			isa = PBXResourcesBuildPhase;
			buildActionMask = 2147483647;
			files = (
				FDA7CBDF2ABCF88600033EC8 /* LaunchScreen.storyboard in Resources */,
				FDA7CBDC2ABCF88600033EC8 /* Assets.xcassets in Resources */,
				FDA7CBDA2ABCF88300033EC8 /* Main.storyboard in Resources */,
			);
			runOnlyForDeploymentPostprocessing = 0;
		};
		FDA7CBE32ABCF88600033EC8 /* Resources */ = {
			isa = PBXResourcesBuildPhase;
			buildActionMask = 2147483647;
			files = (
			);
			runOnlyForDeploymentPostprocessing = 0;
		};
		FDA7CBED2ABCF88600033EC8 /* Resources */ = {
			isa = PBXResourcesBuildPhase;
			buildActionMask = 2147483647;
			files = (
			);
			runOnlyForDeploymentPostprocessing = 0;
		};
/* End PBXResourcesBuildPhase section */

/* Begin PBXSourcesBuildPhase section */
		FDA7CBCB2ABCF88300033EC8 /* Sources */ = {
			isa = PBXSourcesBuildPhase;
			buildActionMask = 2147483647;
			files = (
				FDA7CBD72ABCF88300033EC8 /* ViewController.swift in Sources */,
				FDA7CBD32ABCF88300033EC8 /* AppDelegate.swift in Sources */,
				FDA7CBD52ABCF88300033EC8 /* SceneDelegate.swift in Sources */,
			);
			runOnlyForDeploymentPostprocessing = 0;
		};
		FDA7CBE12ABCF88600033EC8 /* Sources */ = {
			isa = PBXSourcesBuildPhase;
			buildActionMask = 2147483647;
			files = (
				FDA7CBEA2ABCF88600033EC8 /* CounterTests.swift in Sources */,
			);
			runOnlyForDeploymentPostprocessing = 0;
		};
		FDA7CBEB2ABCF88600033EC8 /* Sources */ = {
			isa = PBXSourcesBuildPhase;
			buildActionMask = 2147483647;
			files = (
				FDA7CBF42ABCF88600033EC8 /* CounterUITests.swift in Sources */,
				FDA7CBF62ABCF88600033EC8 /* CounterUITestsLaunchTests.swift in Sources */,
			);
			runOnlyForDeploymentPostprocessing = 0;
		};
/* End PBXSourcesBuildPhase section */

/* Begin PBXTargetDependency section */
		FDA7CBE72ABCF88600033EC8 /* PBXTargetDependency */ = {
			isa = PBXTargetDependency;
			target = FDA7CBCE2ABCF88300033EC8 /* Counter */;
			targetProxy = FDA7CBE62ABCF88600033EC8 /* PBXContainerItemProxy */;
		};
		FDA7CBF12ABCF88600033EC8 /* PBXTargetDependency */ = {
			isa = PBXTargetDependency;
			target = FDA7CBCE2ABCF88300033EC8 /* Counter */;
			targetProxy = FDA7CBF02ABCF88600033EC8 /* PBXContainerItemProxy */;
		};
/* End PBXTargetDependency section */

/* Begin PBXVariantGroup section */
		FDA7CBD82ABCF88300033EC8 /* Main.storyboard */ = {
			isa = PBXVariantGroup;
			children = (
				FDA7CBD92ABCF88300033EC8 /* Base */,
			);
			name = Main.storyboard;
			sourceTree = "<group>";
		};
		FDA7CBDD2ABCF88600033EC8 /* LaunchScreen.storyboard */ = {
			isa = PBXVariantGroup;
			children = (
				FDA7CBDE2ABCF88600033EC8 /* Base */,
			);
			name = LaunchScreen.storyboard;
			sourceTree = "<group>";
		};
/* End PBXVariantGroup section */

/* Begin XCBuildConfiguration section */
		FDA7CBF72ABCF88600033EC8 /* Debug */ = {
			isa = XCBuildConfiguration;
			buildSettings = {
				ALWAYS_SEARCH_USER_PATHS = NO;
				CLANG_ANALYZER_NONNULL = YES;
				CLANG_ANALYZER_NUMBER_OBJECT_CONVERSION = YES_AGGRESSIVE;
				CLANG_CXX_LANGUAGE_STANDARD = "gnu++20";
				CLANG_ENABLE_MODULES = YES;
				CLANG_ENABLE_OBJC_ARC = YES;
				CLANG_ENABLE_OBJC_WEAK = YES;
				CLANG_WARN_BLOCK_CAPTURE_AUTORELEASING = YES;
				CLANG_WARN_BOOL_CONVERSION = YES;
				CLANG_WARN_COMMA = YES;
				CLANG_WARN_CONSTANT_CONVERSION = YES;
				CLANG_WARN_DEPRECATED_OBJC_IMPLEMENTATIONS = YES;
				CLANG_WARN_DIRECT_OBJC_ISA_USAGE = YES_ERROR;
				CLANG_WARN_DOCUMENTATION_COMMENTS = YES;
				CLANG_WARN_EMPTY_BODY = YES;
				CLANG_WARN_ENUM_CONVERSION = YES;
				CLANG_WARN_INFINITE_RECURSION = YES;
				CLANG_WARN_INT_CONVERSION = YES;
				CLANG_WARN_NON_LITERAL_NULL_CONVERSION = YES;
				CLANG_WARN_OBJC_IMPLICIT_RETAIN_SELF = YES;
				CLANG_WARN_OBJC_LITERAL_CONVERSION = YES;
				CLANG_WARN_OBJC_ROOT_CLASS = YES_ERROR;
				CLANG_WARN_QUOTED_INCLUDE_IN_FRAMEWORK_HEADER = YES;
				CLANG_WARN_RANGE_LOOP_ANALYSIS = YES;
				CLANG_WARN_STRICT_PROTOTYPES = YES;
				CLANG_WARN_SUSPICIOUS_MOVE = YES;
				CLANG_WARN_UNGUARDED_AVAILABILITY = YES_AGGRESSIVE;
				CLANG_WARN_UNREACHABLE_CODE = YES;
				CLANG_WARN__DUPLICATE_METHOD_MATCH = YES;
				COPY_PHASE_STRIP = NO;
				DEBUG_INFORMATION_FORMAT = dwarf;
				ENABLE_STRICT_OBJC_MSGSEND = YES;
				ENABLE_TESTABILITY = YES;
				GCC_C_LANGUAGE_STANDARD = gnu11;
				GCC_DYNAMIC_NO_PIC = NO;
				GCC_NO_COMMON_BLOCKS = YES;
				GCC_OPTIMIZATION_LEVEL = 0;
				GCC_PREPROCESSOR_DEFINITIONS = (
					"DEBUG=1",
					"$(inherited)",
				);
				GCC_WARN_64_TO_32_BIT_CONVERSION = YES;
				GCC_WARN_ABOUT_RETURN_TYPE = YES_ERROR;
				GCC_WARN_UNDECLARED_SELECTOR = YES;
				GCC_WARN_UNINITIALIZED_AUTOS = YES_AGGRESSIVE;
				GCC_WARN_UNUSED_FUNCTION = YES;
				GCC_WARN_UNUSED_VARIABLE = YES;
				IPHONEOS_DEPLOYMENT_TARGET = 16.2;
				MTL_ENABLE_DEBUG_INFO = INCLUDE_SOURCE;
				MTL_FAST_MATH = YES;
				ONLY_ACTIVE_ARCH = YES;
				SDKROOT = iphoneos;
				SWIFT_ACTIVE_COMPILATION_CONDITIONS = DEBUG;
				SWIFT_OPTIMIZATION_LEVEL = "-Onone";
			};
			name = Debug;
		};
		FDA7CBF82ABCF88600033EC8 /* Release */ = {
			isa = XCBuildConfiguration;
			buildSettings = {
				ALWAYS_SEARCH_USER_PATHS = NO;
				CLANG_ANALYZER_NONNULL = YES;
				CLANG_ANALYZER_NUMBER_OBJECT_CONVERSION = YES_AGGRESSIVE;
				CLANG_CXX_LANGUAGE_STANDARD = "gnu++20";
				CLANG_ENABLE_MODULES = YES;
				CLANG_ENABLE_OBJC_ARC = YES;
				CLANG_ENABLE_OBJC_WEAK = YES;
				CLANG_WARN_BLOCK_CAPTURE_AUTORELEASING = YES;
				CLANG_WARN_BOOL_CONVERSION = YES;
				CLANG_WARN_COMMA = YES;
				CLANG_WARN_CONSTANT_CONVERSION = YES;
				CLANG_WARN_DEPRECATED_OBJC_IMPLEMENTATIONS = YES;
				CLANG_WARN_DIRECT_OBJC_ISA_USAGE = YES_ERROR;
				CLANG_WARN_DOCUMENTATION_COMMENTS = YES;
				CLANG_WARN_EMPTY_BODY = YES;
				CLANG_WARN_ENUM_CONVERSION = YES;
				CLANG_WARN_INFINITE_RECURSION = YES;
				CLANG_WARN_INT_CONVERSION = YES;
				CLANG_WARN_NON_LITERAL_NULL_CONVERSION = YES;
				CLANG_WARN_OBJC_IMPLICIT_RETAIN_SELF = YES;
				CLANG_WARN_OBJC_LITERAL_CONVERSION = YES;
				CLANG_WARN_OBJC_ROOT_CLASS = YES_ERROR;
				CLANG_WARN_QUOTED_INCLUDE_IN_FRAMEWORK_HEADER = YES;
				CLANG_WARN_RANGE_LOOP_ANALYSIS = YES;
				CLANG_WARN_STRICT_PROTOTYPES = YES;
				CLANG_WARN_SUSPICIOUS_MOVE = YES;
				CLANG_WARN_UNGUARDED_AVAILABILITY = YES_AGGRESSIVE;
				CLANG_WARN_UNREACHABLE_CODE = YES;
				CLANG_WARN__DUPLICATE_METHOD_MATCH = YES;
				COPY_PHASE_STRIP = NO;
				DEBUG_INFORMATION_FORMAT = "dwarf-with-dsym";
				ENABLE_NS_ASSERTIONS = NO;
				ENABLE_STRICT_OBJC_MSGSEND = YES;
				GCC_C_LANGUAGE_STANDARD = gnu11;
				GCC_NO_COMMON_BLOCKS = YES;
				GCC_WARN_64_TO_32_BIT_CONVERSION = YES;
				GCC_WARN_ABOUT_RETURN_TYPE = YES_ERROR;
				GCC_WARN_UNDECLARED_SELECTOR = YES;
				GCC_WARN_UNINITIALIZED_AUTOS = YES_AGGRESSIVE;
				GCC_WARN_UNUSED_FUNCTION = YES;
				GCC_WARN_UNUSED_VARIABLE = YES;
				IPHONEOS_DEPLOYMENT_TARGET = 16.2;
				MTL_ENABLE_DEBUG_INFO = NO;
				MTL_FAST_MATH = YES;
				SDKROOT = iphoneos;
				SWIFT_COMPILATION_MODE = wholemodule;
				SWIFT_OPTIMIZATION_LEVEL = "-O";
				VALIDATE_PRODUCT = YES;
			};
			name = Release;
		};
		FDA7CBFA2ABCF88600033EC8 /* Debug */ = {
			isa = XCBuildConfiguration;
			buildSettings = {
				ASSETCATALOG_COMPILER_APPICON_NAME = AppIcon;
				ASSETCATALOG_COMPILER_GLOBAL_ACCENT_COLOR_NAME = AccentColor;
				CODE_SIGN_STYLE = Automatic;
				CURRENT_PROJECT_VERSION = 1;
				GENERATE_INFOPLIST_FILE = YES;
				INFOPLIST_FILE = Counter/Info.plist;
				INFOPLIST_KEY_UIApplicationSupportsIndirectInputEvents = YES;
				INFOPLIST_KEY_UILaunchStoryboardName = LaunchScreen;
				INFOPLIST_KEY_UIMainStoryboardFile = Main;
				INFOPLIST_KEY_UISupportedInterfaceOrientations_iPad = "UIInterfaceOrientationPortrait UIInterfaceOrientationPortraitUpsideDown UIInterfaceOrientationLandscapeLeft UIInterfaceOrientationLandscapeRight";
				INFOPLIST_KEY_UISupportedInterfaceOrientations_iPhone = "UIInterfaceOrientationPortrait UIInterfaceOrientationLandscapeLeft UIInterfaceOrientationLandscapeRight";
				LD_RUNPATH_SEARCH_PATHS = (
					"$(inherited)",
					"@executable_path/Frameworks",
				);
				MARKETING_VERSION = 1.0;
				PRODUCT_BUNDLE_IDENTIFIER = test.Counter;
				PRODUCT_NAME = "$(TARGET_NAME)";
				SWIFT_EMIT_LOC_STRINGS = YES;
				SWIFT_VERSION = 5.0;
				TARGETED_DEVICE_FAMILY = "1,2";
			};
			name = Debug;
		};
		FDA7CBFB2ABCF88600033EC8 /* Release */ = {
			isa = XCBuildConfiguration;
			buildSettings = {
				ASSETCATALOG_COMPILER_APPICON_NAME = AppIcon;
				ASSETCATALOG_COMPILER_GLOBAL_ACCENT_COLOR_NAME = AccentColor;
				CODE_SIGN_STYLE = Automatic;
				CURRENT_PROJECT_VERSION = 1;
				GENERATE_INFOPLIST_FILE = YES;
				INFOPLIST_FILE = Counter/Info.plist;
				INFOPLIST_KEY_UIApplicationSupportsIndirectInputEvents = YES;
				INFOPLIST_KEY_UILaunchStoryboardName = LaunchScreen;
				INFOPLIST_KEY_UIMainStoryboardFile = Main;
				INFOPLIST_KEY_UISupportedInterfaceOrientations_iPad = "UIInterfaceOrientationPortrait UIInterfaceOrientationPortraitUpsideDown UIInterfaceOrientationLandscapeLeft UIInterfaceOrientationLandscapeRight";
				INFOPLIST_KEY_UISupportedInterfaceOrientations_iPhone = "UIInterfaceOrientationPortrait UIInterfaceOrientationLandscapeLeft UIInterfaceOrientationLandscapeRight";
				LD_RUNPATH_SEARCH_PATHS = (
					"$(inherited)",
					"@executable_path/Frameworks",
				);
				MARKETING_VERSION = 1.0;
				PRODUCT_BUNDLE_IDENTIFIER = test.Counter;
				PRODUCT_NAME = "$(TARGET_NAME)";
				SWIFT_EMIT_LOC_STRINGS = YES;
				SWIFT_VERSION = 5.0;
				TARGETED_DEVICE_FAMILY = "1,2";
			};
			name = Release;
		};
		FDA7CBFD2ABCF88600033EC8 /* Debug */ = {
			isa = XCBuildConfiguration;
			buildSettings = {
				ALWAYS_EMBED_SWIFT_STANDARD_LIBRARIES = YES;
				BUNDLE_LOADER = "$(TEST_HOST)";
				CODE_SIGN_STYLE = Automatic;
				CURRENT_PROJECT_VERSION = 1;
				GENERATE_INFOPLIST_FILE = YES;
				IPHONEOS_DEPLOYMENT_TARGET = 16.2;
				MARKETING_VERSION = 1.0;
				PRODUCT_BUNDLE_IDENTIFIER = test.CounterTests;
				PRODUCT_NAME = "$(TARGET_NAME)";
				SWIFT_EMIT_LOC_STRINGS = NO;
				SWIFT_VERSION = 5.0;
				TARGETED_DEVICE_FAMILY = "1,2";
				TEST_HOST = "$(BUILT_PRODUCTS_DIR)/Counter.app/$(BUNDLE_EXECUTABLE_FOLDER_PATH)/Counter";
			};
			name = Debug;
		};
		FDA7CBFE2ABCF88600033EC8 /* Release */ = {
			isa = XCBuildConfiguration;
			buildSettings = {
				ALWAYS_EMBED_SWIFT_STANDARD_LIBRARIES = YES;
				BUNDLE_LOADER = "$(TEST_HOST)";
				CODE_SIGN_STYLE = Automatic;
				CURRENT_PROJECT_VERSION = 1;
				GENERATE_INFOPLIST_FILE = YES;
				IPHONEOS_DEPLOYMENT_TARGET = 16.2;
				MARKETING_VERSION = 1.0;
				PRODUCT_BUNDLE_IDENTIFIER = test.CounterTests;
				PRODUCT_NAME = "$(TARGET_NAME)";
				SWIFT_EMIT_LOC_STRINGS = NO;
				SWIFT_VERSION = 5.0;
				TARGETED_DEVICE_FAMILY = "1,2";
				TEST_HOST = "$(BUILT_PRODUCTS_DIR)/Counter.app/$(BUNDLE_EXECUTABLE_FOLDER_PATH)/Counter";
			};
			name = Release;
		};
		FDA7CC002ABCF88600033EC8 /* Debug */ = {
			isa = XCBuildConfiguration;
			buildSettings = {
				ALWAYS_EMBED_SWIFT_STANDARD_LIBRARIES = YES;
				CODE_SIGN_STYLE = Automatic;
				CURRENT_PROJECT_VERSION = 1;
				GENERATE_INFOPLIST_FILE = YES;
				MARKETING_VERSION = 1.0;
				PRODUCT_BUNDLE_IDENTIFIER = test.CounterUITests;
				PRODUCT_NAME = "$(TARGET_NAME)";
				SWIFT_EMIT_LOC_STRINGS = NO;
				SWIFT_VERSION = 5.0;
				TARGETED_DEVICE_FAMILY = "1,2";
				TEST_TARGET_NAME = Counter;
			};
			name = Debug;
		};
		FDA7CC012ABCF88600033EC8 /* Release */ = {
			isa = XCBuildConfiguration;
			buildSettings = {
				ALWAYS_EMBED_SWIFT_STANDARD_LIBRARIES = YES;
				CODE_SIGN_STYLE = Automatic;
				CURRENT_PROJECT_VERSION = 1;
				GENERATE_INFOPLIST_FILE = YES;
				MARKETING_VERSION = 1.0;
				PRODUCT_BUNDLE_IDENTIFIER = test.CounterUITests;
				PRODUCT_NAME = "$(TARGET_NAME)";
				SWIFT_EMIT_LOC_STRINGS = NO;
				SWIFT_VERSION = 5.0;
				TARGETED_DEVICE_FAMILY = "1,2";
				TEST_TARGET_NAME = Counter;
			};
			name = Release;
		};
/* End XCBuildConfiguration section */

/* Begin XCConfigurationList section */
		FDA7CBCA2ABCF88300033EC8 /* Build configuration list for PBXProject "Counter" */ = {
			isa = XCConfigurationList;
			buildConfigurations = (
				FDA7CBF72ABCF88600033EC8 /* Debug */,
				FDA7CBF82ABCF88600033EC8 /* Release */,
			);
			defaultConfigurationIsVisible = 0;
			defaultConfigurationName = Release;
		};
		FDA7CBF92ABCF88600033EC8 /* Build configuration list for PBXNativeTarget "Counter" */ = {
			isa = XCConfigurationList;
			buildConfigurations = (
				FDA7CBFA2ABCF88600033EC8 /* Debug */,
				FDA7CBFB2ABCF88600033EC8 /* Release */,
			);
			defaultConfigurationIsVisible = 0;
			defaultConfigurationName = Release;
		};
		FDA7CBFC2ABCF88600033EC8 /* Build configuration list for PBXNativeTarget "CounterTests" */ = {
			isa = XCConfigurationList;
			buildConfigurations = (
				FDA7CBFD2ABCF88600033EC8 /* Debug */,
				FDA7CBFE2ABCF88600033EC8 /* Release */,
			);
			defaultConfigurationIsVisible = 0;
			defaultConfigurationName = Release;
		};
		FDA7CBFF2ABCF88600033EC8 /* Build configuration list for PBXNativeTarget "CounterUITests" */ = {
			isa = XCConfigurationList;
			buildConfigurations = (
				FDA7CC002ABCF88600033EC8 /* Debug */,
				FDA7CC012ABCF88600033EC8 /* Release */,
			);
			defaultConfigurationIsVisible = 0;
			defaultConfigurationName = Release;
		};
/* End XCConfigurationList section */
	};
	rootObject = FDA7CBC72ABCF88300033EC8 /* Project object */;
}
